// !$*UTF8*$!
{
	archiveVersion = 1;
	classes = {
	};
	objectVersion = 56;
	objects = {

/* Begin PBXBuildFile section */
		292DD9922BDF4D0800B9EB81 /* ARViewContainer.swift in Sources */ = {isa = PBXBuildFile; fileRef = 292DD9912BDF4D0800B9EB81 /* ARViewContainer.swift */; };
		292DD9952BDF54C400B9EB81 /* SceneMyModel.usdz in Resources */ = {isa = PBXBuildFile; fileRef = 292DD9942BDF54C400B9EB81 /* SceneMyModel.usdz */; };
		292DD9B02BDF80A900B9EB81 /* sampleVideo.mp4 in Resources */ = {isa = PBXBuildFile; fileRef = 292DD9AF2BDF80A900B9EB81 /* sampleVideo.mp4 */; };
		29DB42AE2BDA16BB00ED2F54 /* AppDelegate.swift in Sources */ = {isa = PBXBuildFile; fileRef = 29DB42AD2BDA16BB00ED2F54 /* AppDelegate.swift */; };
		29DB42B02BDA16BB00ED2F54 /* ContentView.swift in Sources */ = {isa = PBXBuildFile; fileRef = 29DB42AF2BDA16BB00ED2F54 /* ContentView.swift */; };
		29DB42B22BDA16BC00ED2F54 /* Assets.xcassets in Resources */ = {isa = PBXBuildFile; fileRef = 29DB42B12BDA16BC00ED2F54 /* Assets.xcassets */; };
		29DB42B52BDA16BC00ED2F54 /* Preview Assets.xcassets in Resources */ = {isa = PBXBuildFile; fileRef = 29DB42B42BDA16BC00ED2F54 /* Preview Assets.xcassets */; };
		29DB42DC2BDAB63E00ED2F54 /* SpeechRecog.swift in Sources */ = {isa = PBXBuildFile; fileRef = 29DB42DB2BDAB63E00ED2F54 /* SpeechRecog.swift */; };
		72F9410E1E4759977BF32FA8 /* Pods_LegacyLens.framework in Frameworks */ = {isa = PBXBuildFile; fileRef = 5D358950DE33D6287553A11F /* Pods_LegacyLens.framework */; };
/* End PBXBuildFile section */

/* Begin PBXFileReference section */
		0A7D6169572CF135E7E880D4 /* Pods-LegacyLens.release.xcconfig */ = {isa = PBXFileReference; includeInIndex = 1; lastKnownFileType = text.xcconfig; name = "Pods-LegacyLens.release.xcconfig"; path = "Target Support Files/Pods-LegacyLens/Pods-LegacyLens.release.xcconfig"; sourceTree = "<group>"; };
		292DD9912BDF4D0800B9EB81 /* ARViewContainer.swift */ = {isa = PBXFileReference; lastKnownFileType = sourcecode.swift; path = ARViewContainer.swift; sourceTree = "<group>"; };
		292DD9942BDF54C400B9EB81 /* SceneMyModel.usdz */ = {isa = PBXFileReference; lastKnownFileType = file.usdz; name = SceneMyModel.usdz; path = ../../../../Downloads/SceneMyModel.usdz; sourceTree = "<group>"; };
		292DD9AF2BDF80A900B9EB81 /* sampleVideo.mp4 */ = {isa = PBXFileReference; lastKnownFileType = file; path = sampleVideo.mp4; sourceTree = "<group>"; };
		29DB42AA2BDA16BB00ED2F54 /* LegacyLens.app */ = {isa = PBXFileReference; explicitFileType = wrapper.application; includeInIndex = 0; path = LegacyLens.app; sourceTree = BUILT_PRODUCTS_DIR; };
		29DB42AD2BDA16BB00ED2F54 /* AppDelegate.swift */ = {isa = PBXFileReference; lastKnownFileType = sourcecode.swift; path = AppDelegate.swift; sourceTree = "<group>"; };
		29DB42AF2BDA16BB00ED2F54 /* ContentView.swift */ = {isa = PBXFileReference; lastKnownFileType = sourcecode.swift; path = ContentView.swift; sourceTree = "<group>"; };
		29DB42B12BDA16BC00ED2F54 /* Assets.xcassets */ = {isa = PBXFileReference; lastKnownFileType = folder.assetcatalog; path = Assets.xcassets; sourceTree = "<group>"; };
		29DB42B42BDA16BC00ED2F54 /* Preview Assets.xcassets */ = {isa = PBXFileReference; lastKnownFileType = folder.assetcatalog; path = "Preview Assets.xcassets"; sourceTree = "<group>"; };
		29DB42DB2BDAB63E00ED2F54 /* SpeechRecog.swift */ = {isa = PBXFileReference; lastKnownFileType = sourcecode.swift; path = SpeechRecog.swift; sourceTree = "<group>"; };
		29DB42DF2BDB484400ED2F54 /* Info.plist */ = {isa = PBXFileReference; lastKnownFileType = text.plist; path = Info.plist; sourceTree = "<group>"; };
		5D358950DE33D6287553A11F /* Pods_LegacyLens.framework */ = {isa = PBXFileReference; explicitFileType = wrapper.framework; includeInIndex = 0; path = Pods_LegacyLens.framework; sourceTree = BUILT_PRODUCTS_DIR; };
		6B3940441D45769E025D7596 /* Pods-LegacyLens.debug.xcconfig */ = {isa = PBXFileReference; includeInIndex = 1; lastKnownFileType = text.xcconfig; name = "Pods-LegacyLens.debug.xcconfig"; path = "Target Support Files/Pods-LegacyLens/Pods-LegacyLens.debug.xcconfig"; sourceTree = "<group>"; };
/* End PBXFileReference section */

/* Begin PBXFrameworksBuildPhase section */
		29DB42A72BDA16BB00ED2F54 /* Frameworks */ = {
			isa = PBXFrameworksBuildPhase;
			buildActionMask = 2147483647;
			files = (
				72F9410E1E4759977BF32FA8 /* Pods_LegacyLens.framework in Frameworks */,
			);
			runOnlyForDeploymentPostprocessing = 0;
		};
/* End PBXFrameworksBuildPhase section */

/* Begin PBXGroup section */
		07F0DFBA321AA903CBA92ACA /* Frameworks */ = {
			isa = PBXGroup;
			children = (
				5D358950DE33D6287553A11F /* Pods_LegacyLens.framework */,
			);
			name = Frameworks;
			sourceTree = "<group>";
		};
		29DB42A12BDA16BB00ED2F54 = {
			isa = PBXGroup;
			children = (
				29DB42AC2BDA16BB00ED2F54 /* LegacyLens */,
				29DB42AB2BDA16BB00ED2F54 /* Products */,
				F47C526A0D3A09EF129C2104 /* Pods */,
				07F0DFBA321AA903CBA92ACA /* Frameworks */,
			);
			sourceTree = "<group>";
		};
		29DB42AB2BDA16BB00ED2F54 /* Products */ = {
			isa = PBXGroup;
			children = (
				29DB42AA2BDA16BB00ED2F54 /* LegacyLens.app */,
			);
			name = Products;
			sourceTree = "<group>";
		};
		29DB42AC2BDA16BB00ED2F54 /* LegacyLens */ = {
			isa = PBXGroup;
			children = (
				29DB42DF2BDB484400ED2F54 /* Info.plist */,
				29DB42AD2BDA16BB00ED2F54 /* AppDelegate.swift */,
				29DB42AF2BDA16BB00ED2F54 /* ContentView.swift */,
				29DB42DB2BDAB63E00ED2F54 /* SpeechRecog.swift */,
				292DD9912BDF4D0800B9EB81 /* ARViewContainer.swift */,
				292DD9AF2BDF80A900B9EB81 /* sampleVideo.mp4 */,
				292DD9942BDF54C400B9EB81 /* SceneMyModel.usdz */,
				29DB42B12BDA16BC00ED2F54 /* Assets.xcassets */,
				29DB42B32BDA16BC00ED2F54 /* Preview Content */,
			);
			path = LegacyLens;
			sourceTree = "<group>";
		};
		29DB42B32BDA16BC00ED2F54 /* Preview Content */ = {
			isa = PBXGroup;
			children = (
				29DB42B42BDA16BC00ED2F54 /* Preview Assets.xcassets */,
			);
			path = "Preview Content";
			sourceTree = "<group>";
		};
		F47C526A0D3A09EF129C2104 /* Pods */ = {
			isa = PBXGroup;
			children = (
				6B3940441D45769E025D7596 /* Pods-LegacyLens.debug.xcconfig */,
				0A7D6169572CF135E7E880D4 /* Pods-LegacyLens.release.xcconfig */,
			);
			path = Pods;
			sourceTree = "<group>";
		};
/* End PBXGroup section */

/* Begin PBXNativeTarget section */
		29DB42A92BDA16BB00ED2F54 /* LegacyLens */ = {
			isa = PBXNativeTarget;
			buildConfigurationList = 29DB42B82BDA16BC00ED2F54 /* Build configuration list for PBXNativeTarget "LegacyLens" */;
			buildPhases = (
				A5AD48F0FA6248C4A7BA8429 /* [CP] Check Pods Manifest.lock */,
				29DB42A62BDA16BB00ED2F54 /* Sources */,
				29DB42A72BDA16BB00ED2F54 /* Frameworks */,
				29DB42A82BDA16BB00ED2F54 /* Resources */,
				024FE990415EC72694A1E9C9 /* [CP] Embed Pods Frameworks */,
			);
			buildRules = (
			);
			dependencies = (
			);
			name = LegacyLens;
			productName = LegacyLens;
			productReference = 29DB42AA2BDA16BB00ED2F54 /* LegacyLens.app */;
			productType = "com.apple.product-type.application";
		};
/* End PBXNativeTarget section */

/* Begin PBXProject section */
		29DB42A22BDA16BB00ED2F54 /* Project object */ = {
			isa = PBXProject;
			attributes = {
				BuildIndependentTargetsInParallel = 1;
				LastSwiftUpdateCheck = 1530;
				LastUpgradeCheck = 1530;
				TargetAttributes = {
					29DB42A92BDA16BB00ED2F54 = {
						CreatedOnToolsVersion = 15.3;
					};
				};
			};
			buildConfigurationList = 29DB42A52BDA16BB00ED2F54 /* Build configuration list for PBXProject "LegacyLens" */;
			compatibilityVersion = "Xcode 14.0";
			developmentRegion = en;
			hasScannedForEncodings = 0;
			knownRegions = (
				en,
				Base,
			);
			mainGroup = 29DB42A12BDA16BB00ED2F54;
			productRefGroup = 29DB42AB2BDA16BB00ED2F54 /* Products */;
			projectDirPath = "";
			projectRoot = "";
			targets = (
				29DB42A92BDA16BB00ED2F54 /* LegacyLens */,
			);
		};
/* End PBXProject section */

/* Begin PBXResourcesBuildPhase section */
		29DB42A82BDA16BB00ED2F54 /* Resources */ = {
			isa = PBXResourcesBuildPhase;
			buildActionMask = 2147483647;
			files = (
				29DB42B52BDA16BC00ED2F54 /* Preview Assets.xcassets in Resources */,
				292DD9952BDF54C400B9EB81 /* SceneMyModel.usdz in Resources */,
				29DB42B22BDA16BC00ED2F54 /* Assets.xcassets in Resources */,
				292DD9B02BDF80A900B9EB81 /* sampleVideo.mp4 in Resources */,
			);
			runOnlyForDeploymentPostprocessing = 0;
		};
/* End PBXResourcesBuildPhase section */

/* Begin PBXShellScriptBuildPhase section */
		024FE990415EC72694A1E9C9 /* [CP] Embed Pods Frameworks */ = {
			isa = PBXShellScriptBuildPhase;
			buildActionMask = 2147483647;
			files = (
			);
			inputFileListPaths = (
				"${PODS_ROOT}/Target Support Files/Pods-LegacyLens/Pods-LegacyLens-frameworks-${CONFIGURATION}-input-files.xcfilelist",
			);
			name = "[CP] Embed Pods Frameworks";
			outputFileListPaths = (
				"${PODS_ROOT}/Target Support Files/Pods-LegacyLens/Pods-LegacyLens-frameworks-${CONFIGURATION}-output-files.xcfilelist",
			);
			runOnlyForDeploymentPostprocessing = 0;
			shellPath = /bin/sh;
			shellScript = "\"${PODS_ROOT}/Target Support Files/Pods-LegacyLens/Pods-LegacyLens-frameworks.sh\"\n";
			showEnvVarsInLog = 0;
		};
		A5AD48F0FA6248C4A7BA8429 /* [CP] Check Pods Manifest.lock */ = {
			isa = PBXShellScriptBuildPhase;
			buildActionMask = 2147483647;
			files = (
			);
			inputFileListPaths = (
			);
			inputPaths = (
				"${PODS_PODFILE_DIR_PATH}/Podfile.lock",
				"${PODS_ROOT}/Manifest.lock",
			);
			name = "[CP] Check Pods Manifest.lock";
			outputFileListPaths = (
			);
			outputPaths = (
				"$(DERIVED_FILE_DIR)/Pods-LegacyLens-checkManifestLockResult.txt",
			);
			runOnlyForDeploymentPostprocessing = 0;
			shellPath = /bin/sh;
			shellScript = "diff \"${PODS_PODFILE_DIR_PATH}/Podfile.lock\" \"${PODS_ROOT}/Manifest.lock\" > /dev/null\nif [ $? != 0 ] ; then\n    # print error to STDERR\n    echo \"error: The sandbox is not in sync with the Podfile.lock. Run 'pod install' or update your CocoaPods installation.\" >&2\n    exit 1\nfi\n# This output is used by Xcode 'outputs' to avoid re-running this script phase.\necho \"SUCCESS\" > \"${SCRIPT_OUTPUT_FILE_0}\"\n";
			showEnvVarsInLog = 0;
		};
/* End PBXShellScriptBuildPhase section */

/* Begin PBXSourcesBuildPhase section */
		29DB42A62BDA16BB00ED2F54 /* Sources */ = {
			isa = PBXSourcesBuildPhase;
			buildActionMask = 2147483647;
			files = (
				29DB42B02BDA16BB00ED2F54 /* ContentView.swift in Sources */,
				292DD9922BDF4D0800B9EB81 /* ARViewContainer.swift in Sources */,
				29DB42AE2BDA16BB00ED2F54 /* AppDelegate.swift in Sources */,
				29DB42DC2BDAB63E00ED2F54 /* SpeechRecog.swift in Sources */,
			);
			runOnlyForDeploymentPostprocessing = 0;
		};
/* End PBXSourcesBuildPhase section */

/* Begin XCBuildConfiguration section */
		29DB42B62BDA16BC00ED2F54 /* Debug */ = {
			isa = XCBuildConfiguration;
			buildSettings = {
				ALWAYS_SEARCH_USER_PATHS = NO;
				ASSETCATALOG_COMPILER_GENERATE_SWIFT_ASSET_SYMBOL_EXTENSIONS = YES;
				CLANG_ANALYZER_NONNULL = YES;
				CLANG_ANALYZER_NUMBER_OBJECT_CONVERSION = YES_AGGRESSIVE;
				CLANG_CXX_LANGUAGE_STANDARD = "gnu++20";
				CLANG_ENABLE_MODULES = YES;
				CLANG_ENABLE_OBJC_ARC = YES;
				CLANG_ENABLE_OBJC_WEAK = YES;
				CLANG_WARN_BLOCK_CAPTURE_AUTORELEASING = YES;
				CLANG_WARN_BOOL_CONVERSION = YES;
				CLANG_WARN_COMMA = YES;
				CLANG_WARN_CONSTANT_CONVERSION = YES;
				CLANG_WARN_DEPRECATED_OBJC_IMPLEMENTATIONS = YES;
				CLANG_WARN_DIRECT_OBJC_ISA_USAGE = YES_ERROR;
				CLANG_WARN_DOCUMENTATION_COMMENTS = YES;
				CLANG_WARN_EMPTY_BODY = YES;
				CLANG_WARN_ENUM_CONVERSION = YES;
				CLANG_WARN_INFINITE_RECURSION = YES;
				CLANG_WARN_INT_CONVERSION = YES;
				CLANG_WARN_NON_LITERAL_NULL_CONVERSION = YES;
				CLANG_WARN_OBJC_IMPLICIT_RETAIN_SELF = YES;
				CLANG_WARN_OBJC_LITERAL_CONVERSION = YES;
				CLANG_WARN_OBJC_ROOT_CLASS = YES_ERROR;
				CLANG_WARN_QUOTED_INCLUDE_IN_FRAMEWORK_HEADER = YES;
				CLANG_WARN_RANGE_LOOP_ANALYSIS = YES;
				CLANG_WARN_STRICT_PROTOTYPES = YES;
				CLANG_WARN_SUSPICIOUS_MOVE = YES;
				CLANG_WARN_UNGUARDED_AVAILABILITY = YES_AGGRESSIVE;
				CLANG_WARN_UNREACHABLE_CODE = YES;
				CLANG_WARN__DUPLICATE_METHOD_MATCH = YES;
				COPY_PHASE_STRIP = NO;
				DEBUG_INFORMATION_FORMAT = dwarf;
				ENABLE_STRICT_OBJC_MSGSEND = YES;
				ENABLE_TESTABILITY = YES;
				ENABLE_USER_SCRIPT_SANDBOXING = YES;
				GCC_C_LANGUAGE_STANDARD = gnu17;
				GCC_DYNAMIC_NO_PIC = NO;
				GCC_NO_COMMON_BLOCKS = YES;
				GCC_OPTIMIZATION_LEVEL = 0;
				GCC_PREPROCESSOR_DEFINITIONS = (
					"DEBUG=1",
					"$(inherited)",
				);
				GCC_WARN_64_TO_32_BIT_CONVERSION = YES;
				GCC_WARN_ABOUT_RETURN_TYPE = YES_ERROR;
				GCC_WARN_UNDECLARED_SELECTOR = YES;
				GCC_WARN_UNINITIALIZED_AUTOS = YES_AGGRESSIVE;
				GCC_WARN_UNUSED_FUNCTION = YES;
				GCC_WARN_UNUSED_VARIABLE = YES;
				IPHONEOS_DEPLOYMENT_TARGET = 17.4;
				LOCALIZATION_PREFERS_STRING_CATALOGS = YES;
				MTL_ENABLE_DEBUG_INFO = INCLUDE_SOURCE;
				MTL_FAST_MATH = YES;
				ONLY_ACTIVE_ARCH = YES;
				SDKROOT = iphoneos;
				SWIFT_ACTIVE_COMPILATION_CONDITIONS = "DEBUG $(inherited)";
				SWIFT_OPTIMIZATION_LEVEL = "-Onone";
			};
			name = Debug;
		};
		29DB42B72BDA16BC00ED2F54 /* Release */ = {
			isa = XCBuildConfiguration;
			buildSettings = {
				ALWAYS_SEARCH_USER_PATHS = NO;
				ASSETCATALOG_COMPILER_GENERATE_SWIFT_ASSET_SYMBOL_EXTENSIONS = YES;
				CLANG_ANALYZER_NONNULL = YES;
				CLANG_ANALYZER_NUMBER_OBJECT_CONVERSION = YES_AGGRESSIVE;
				CLANG_CXX_LANGUAGE_STANDARD = "gnu++20";
				CLANG_ENABLE_MODULES = YES;
				CLANG_ENABLE_OBJC_ARC = YES;
				CLANG_ENABLE_OBJC_WEAK = YES;
				CLANG_WARN_BLOCK_CAPTURE_AUTORELEASING = YES;
				CLANG_WARN_BOOL_CONVERSION = YES;
				CLANG_WARN_COMMA = YES;
				CLANG_WARN_CONSTANT_CONVERSION = YES;
				CLANG_WARN_DEPRECATED_OBJC_IMPLEMENTATIONS = YES;
				CLANG_WARN_DIRECT_OBJC_ISA_USAGE = YES_ERROR;
				CLANG_WARN_DOCUMENTATION_COMMENTS = YES;
				CLANG_WARN_EMPTY_BODY = YES;
				CLANG_WARN_ENUM_CONVERSION = YES;
				CLANG_WARN_INFINITE_RECURSION = YES;
				CLANG_WARN_INT_CONVERSION = YES;
				CLANG_WARN_NON_LITERAL_NULL_CONVERSION = YES;
				CLANG_WARN_OBJC_IMPLICIT_RETAIN_SELF = YES;
				CLANG_WARN_OBJC_LITERAL_CONVERSION = YES;
				CLANG_WARN_OBJC_ROOT_CLASS = YES_ERROR;
				CLANG_WARN_QUOTED_INCLUDE_IN_FRAMEWORK_HEADER = YES;
				CLANG_WARN_RANGE_LOOP_ANALYSIS = YES;
				CLANG_WARN_STRICT_PROTOTYPES = YES;
				CLANG_WARN_SUSPICIOUS_MOVE = YES;
				CLANG_WARN_UNGUARDED_AVAILABILITY = YES_AGGRESSIVE;
				CLANG_WARN_UNREACHABLE_CODE = YES;
				CLANG_WARN__DUPLICATE_METHOD_MATCH = YES;
				COPY_PHASE_STRIP = NO;
				DEBUG_INFORMATION_FORMAT = "dwarf-with-dsym";
				ENABLE_NS_ASSERTIONS = NO;
				ENABLE_STRICT_OBJC_MSGSEND = YES;
				ENABLE_USER_SCRIPT_SANDBOXING = YES;
				GCC_C_LANGUAGE_STANDARD = gnu17;
				GCC_NO_COMMON_BLOCKS = YES;
				GCC_WARN_64_TO_32_BIT_CONVERSION = YES;
				GCC_WARN_ABOUT_RETURN_TYPE = YES_ERROR;
				GCC_WARN_UNDECLARED_SELECTOR = YES;
				GCC_WARN_UNINITIALIZED_AUTOS = YES_AGGRESSIVE;
				GCC_WARN_UNUSED_FUNCTION = YES;
				GCC_WARN_UNUSED_VARIABLE = YES;
				IPHONEOS_DEPLOYMENT_TARGET = 17.4;
				LOCALIZATION_PREFERS_STRING_CATALOGS = YES;
				MTL_ENABLE_DEBUG_INFO = NO;
				MTL_FAST_MATH = YES;
				SDKROOT = iphoneos;
				SWIFT_COMPILATION_MODE = wholemodule;
				VALIDATE_PRODUCT = YES;
			};
			name = Release;
		};
		29DB42B92BDA16BC00ED2F54 /* Debug */ = {
			isa = XCBuildConfiguration;
			baseConfigurationReference = 6B3940441D45769E025D7596 /* Pods-LegacyLens.debug.xcconfig */;
			buildSettings = {
				ASSETCATALOG_COMPILER_APPICON_NAME = AppIcon;
				ASSETCATALOG_COMPILER_GLOBAL_ACCENT_COLOR_NAME = AccentColor;
				CODE_SIGN_STYLE = Automatic;
				CURRENT_PROJECT_VERSION = 1;
				DEVELOPMENT_ASSET_PATHS = "\"LegacyLens/Preview Content\"";
				DEVELOPMENT_TEAM = M793N4X6S7;
				ENABLE_PREVIEWS = YES;
				ENABLE_USER_SCRIPT_SANDBOXING = NO;
				GENERATE_INFOPLIST_FILE = YES;
				INFOPLIST_FILE = LegacyLens/Info.plist;
				INFOPLIST_KEY_NSCameraUsageDescription = "";
				INFOPLIST_KEY_NSFileProviderDomainUsageDescription = "";
				INFOPLIST_KEY_NSMicrophoneUsageDescription = "Allow to use microphone";
				INFOPLIST_KEY_NSPhotoLibraryAddUsageDescription = "";
				INFOPLIST_KEY_NSSpeechRecognitionUsageDescription = "Allow to use microphone";
				INFOPLIST_KEY_UIApplicationSupportsIndirectInputEvents = YES;
				INFOPLIST_KEY_UILaunchScreen_Generation = YES;
				INFOPLIST_KEY_UIRequiredDeviceCapabilities = arkit;
				INFOPLIST_KEY_UIStatusBarHidden = YES;
				INFOPLIST_KEY_UISupportedInterfaceOrientations_iPad = "UIInterfaceOrientationPortrait UIInterfaceOrientationPortraitUpsideDown UIInterfaceOrientationLandscapeLeft UIInterfaceOrientationLandscapeRight";
				INFOPLIST_KEY_UISupportedInterfaceOrientations_iPhone = "UIInterfaceOrientationPortrait UIInterfaceOrientationLandscapeLeft UIInterfaceOrientationLandscapeRight";
				LD_RUNPATH_SEARCH_PATHS = (
					"$(inherited)",
					"@executable_path/Frameworks",
				);
				MARKETING_VERSION = 1.0;
				PRODUCT_BUNDLE_IDENTIFIER = com.teamthree.LegacyLens;
				PRODUCT_NAME = "$(TARGET_NAME)";
				SWIFT_EMIT_LOC_STRINGS = YES;
				SWIFT_VERSION = 5.0;
				TARGETED_DEVICE_FAMILY = "1,2";
			};
			name = Debug;
		};
		29DB42BA2BDA16BC00ED2F54 /* Release */ = {
			isa = XCBuildConfiguration;
			baseConfigurationReference = 0A7D6169572CF135E7E880D4 /* Pods-LegacyLens.release.xcconfig */;
			buildSettings = {
				ASSETCATALOG_COMPILER_APPICON_NAME = AppIcon;
				ASSETCATALOG_COMPILER_GLOBAL_ACCENT_COLOR_NAME = AccentColor;
				CODE_SIGN_STYLE = Automatic;
				CURRENT_PROJECT_VERSION = 1;
				DEVELOPMENT_ASSET_PATHS = "\"LegacyLens/Preview Content\"";
				DEVELOPMENT_TEAM = M793N4X6S7;
				ENABLE_PREVIEWS = YES;
				ENABLE_USER_SCRIPT_SANDBOXING = NO;
				GENERATE_INFOPLIST_FILE = YES;
				INFOPLIST_FILE = LegacyLens/Info.plist;
				INFOPLIST_KEY_NSCameraUsageDescription = "";
				INFOPLIST_KEY_NSFileProviderDomainUsageDescription = "";
				INFOPLIST_KEY_NSMicrophoneUsageDescription = "Allow to use microphone";
				INFOPLIST_KEY_NSPhotoLibraryAddUsageDescription = "";
				INFOPLIST_KEY_NSSpeechRecognitionUsageDescription = "Allow to use microphone";
				INFOPLIST_KEY_UIApplicationSupportsIndirectInputEvents = YES;
				INFOPLIST_KEY_UILaunchScreen_Generation = YES;
				INFOPLIST_KEY_UIRequiredDeviceCapabilities = arkit;
				INFOPLIST_KEY_UIStatusBarHidden = YES;
				INFOPLIST_KEY_UISupportedInterfaceOrientations_iPad = "UIInterfaceOrientationPortrait UIInterfaceOrientationPortraitUpsideDown UIInterfaceOrientationLandscapeLeft UIInterfaceOrientationLandscapeRight";
				INFOPLIST_KEY_UISupportedInterfaceOrientations_iPhone = "UIInterfaceOrientationPortrait UIInterfaceOrientationLandscapeLeft UIInterfaceOrientationLandscapeRight";
				LD_RUNPATH_SEARCH_PATHS = (
					"$(inherited)",
					"@executable_path/Frameworks",
				);
				MARKETING_VERSION = 1.0;
				PRODUCT_BUNDLE_IDENTIFIER = com.teamthree.LegacyLens;
				PRODUCT_NAME = "$(TARGET_NAME)";
				SWIFT_EMIT_LOC_STRINGS = YES;
				SWIFT_VERSION = 5.0;
				TARGETED_DEVICE_FAMILY = "1,2";
			};
			name = Release;
		};
/* End XCBuildConfiguration section */

/* Begin XCConfigurationList section */
		29DB42A52BDA16BB00ED2F54 /* Build configuration list for PBXProject "LegacyLens" */ = {
			isa = XCConfigurationList;
			buildConfigurations = (
				29DB42B62BDA16BC00ED2F54 /* Debug */,
				29DB42B72BDA16BC00ED2F54 /* Release */,
			);
			defaultConfigurationIsVisible = 0;
			defaultConfigurationName = Release;
		};
		29DB42B82BDA16BC00ED2F54 /* Build configuration list for PBXNativeTarget "LegacyLens" */ = {
			isa = XCConfigurationList;
			buildConfigurations = (
				29DB42B92BDA16BC00ED2F54 /* Debug */,
				29DB42BA2BDA16BC00ED2F54 /* Release */,
			);
			defaultConfigurationIsVisible = 0;
			defaultConfigurationName = Release;
		};
/* End XCConfigurationList section */
	};
	rootObject = 29DB42A22BDA16BB00ED2F54 /* Project object */;
}
